{
  "name": "hiposter",
  "lockfileVersion": 2,
  "requires": true,
  "packages": {
    "": {
      "dependencies": {
        "carbon-icons-svelte": "^11.4.0",
        "svelte-jsoneditor": "^0.14.9"
      }
    },
    "node_modules/@codemirror/autocomplete": {
      "version": "6.4.2",
      "resolved": "https://mirrors.cloud.tencent.com/npm/@codemirror/autocomplete/-/autocomplete-6.4.2.tgz",
      "integrity": "sha512-8WE2xp+D0MpWEv5lZ6zPW1/tf4AGb358T5GWYiKEuCP8MvFfT3tH2mIF9Y2yr2e3KbHuSvsVhosiEyqCpiJhZQ==",
      "dependencies": {
        "@codemirror/language": "^6.0.0",
        "@codemirror/state": "^6.0.0",
        "@codemirror/view": "^6.6.0",
        "@lezer/common": "^1.0.0"
      },
      "peerDependencies": {
        "@codemirror/language": "^6.0.0",
        "@codemirror/state": "^6.0.0",
        "@codemirror/view": "^6.0.0",
        "@lezer/common": "^1.0.0"
      }
    },
    "node_modules/@codemirror/commands": {
      "version": "6.2.1",
      "resolved": "https://mirrors.cloud.tencent.com/npm/@codemirror/commands/-/commands-6.2.1.tgz",
      "integrity": "sha512-FFiNKGuHA5O8uC6IJE5apI5rT9gyjlw4whqy4vlcX0wE/myxL6P1s0upwDhY4HtMWLOwzwsp0ap3bjdQhvfDOA==",
      "dependencies": {
        "@codemirror/language": "^6.0.0",
        "@codemirror/state": "^6.2.0",
        "@codemirror/view": "^6.0.0",
        "@lezer/common": "^1.0.0"
      }
    },
    "node_modules/@codemirror/lang-json": {
      "version": "6.0.1",
      "resolved": "https://mirrors.cloud.tencent.com/npm/@codemirror/lang-json/-/lang-json-6.0.1.tgz",
      "integrity": "sha512-+T1flHdgpqDDlJZ2Lkil/rLiRy684WMLc74xUnjJH48GQdfJo/pudlTRreZmKwzP8/tGdKf83wlbAdOCzlJOGQ==",
      "dependencies": {
        "@codemirror/language": "^6.0.0",
        "@lezer/json": "^1.0.0"
      }
    },
    "node_modules/@codemirror/language": {
      "version": "6.6.0",
      "resolved": "https://mirrors.cloud.tencent.com/npm/@codemirror/language/-/language-6.6.0.tgz",
      "integrity": "sha512-cwUd6lzt3MfNYOobdjf14ZkLbJcnv4WtndYaoBkbor/vF+rCNguMPK0IRtvZJG4dsWiaWPcK8x1VijhvSxnstg==",
      "dependencies": {
        "@codemirror/state": "^6.0.0",
        "@codemirror/view": "^6.0.0",
        "@lezer/common": "^1.0.0",
        "@lezer/highlight": "^1.0.0",
        "@lezer/lr": "^1.0.0",
        "style-mod": "^4.0.0"
      }
    },
    "node_modules/@codemirror/lint": {
      "version": "6.1.1",
      "resolved": "https://mirrors.cloud.tencent.com/npm/@codemirror/lint/-/lint-6.1.1.tgz",
      "integrity": "sha512-e+M543x0NVHGayNHQzLP4XByJsvbu/ojY6+0VF2Y4Uu66Rt1nADuxNflZwECLf7gS009smIsptSUa6bUj/U/rw==",
      "dependencies": {
        "@codemirror/state": "^6.0.0",
        "@codemirror/view": "^6.0.0",
        "crelt": "^1.0.5"
      }
    },
    "node_modules/@codemirror/search": {
      "version": "6.2.3",
      "resolved": "https://mirrors.cloud.tencent.com/npm/@codemirror/search/-/search-6.2.3.tgz",
      "integrity": "sha512-V9n9233lopQhB1dyjsBK2Wc1i+8hcCqxl1wQ46c5HWWLePoe4FluV3TGHoZ04rBRlGjNyz9DTmpJErig8UE4jw==",
      "dependencies": {
        "@codemirror/state": "^6.0.0",
        "@codemirror/view": "^6.0.0",
        "crelt": "^1.0.5"
      }
    },
    "node_modules/@codemirror/state": {
      "version": "6.2.0",
      "resolved": "https://mirrors.cloud.tencent.com/npm/@codemirror/state/-/state-6.2.0.tgz",
      "integrity": "sha512-69QXtcrsc3RYtOtd+GsvczJ319udtBf1PTrr2KbLWM/e2CXUPnh0Nz9AUo8WfhSQ7GeL8dPVNUmhQVgpmuaNGA=="
    },
    "node_modules/@codemirror/view": {
      "version": "6.9.1",
      "resolved": "https://mirrors.cloud.tencent.com/npm/@codemirror/view/-/view-6.9.1.tgz",
      "integrity": "sha512-bzfSjJn9dAADVpabLKWKNmMG4ibyTV2e3eOGowjElNPTdTkSbi6ixPYHm2u0ADcETfKsi2/R84Rkmi91dH9yEg==",
      "dependencies": {
        "@codemirror/state": "^6.1.4",
        "style-mod": "^4.0.0",
        "w3c-keyname": "^2.2.4"
      }
    },
    "node_modules/@floating-ui/core": {
      "version": "1.2.1",
      "resolved": "https://mirrors.cloud.tencent.com/npm/@floating-ui/core/-/core-1.2.1.tgz",
      "integrity": "sha512-LSqwPZkK3rYfD7GKoIeExXOyYx6Q1O4iqZWwIehDNuv3Dv425FIAE8PRwtAx1imEolFTHgBEcoFHm9MDnYgPCg=="
    },
    "node_modules/@floating-ui/dom": {
      "version": "1.2.1",
      "resolved": "https://mirrors.cloud.tencent.com/npm/@floating-ui/dom/-/dom-1.2.1.tgz",
      "integrity": "sha512-Rt45SmRiV8eU+xXSB9t0uMYiQ/ZWGE/jumse2o3i5RGlyvcbqOF4q+1qBnzLE2kZ5JGhq0iMkcGXUKbFe7MpTA==",
      "dependencies": {
        "@floating-ui/core": "^1.2.1"
      }
    },
    "node_modules/@fontsource/fira-mono": {
      "version": "4.5.10",
      "resolved": "https://mirrors.cloud.tencent.com/npm/@fontsource/fira-mono/-/fira-mono-4.5.10.tgz",
      "integrity": "sha512-bxUnRP8xptGRo8YXeY073DSpfK74XpSb0ZyRNpHV9WvLnJ7TwPOjZll8hTMin7zLC6iOp59pDZ8EQDj1gzgAQQ=="
    },
    "node_modules/@fortawesome/fontawesome-common-types": {
      "version": "6.3.0",
      "resolved": "https://mirrors.cloud.tencent.com/npm/@fortawesome/fontawesome-common-types/-/fontawesome-common-types-6.3.0.tgz",
      "integrity": "sha512-4BC1NMoacEBzSXRwKjZ/X/gmnbp/HU5Qqat7E8xqorUtBFZS+bwfGH5/wqOC2K6GV0rgEobp3OjGRMa5fK9pFg==",
      "hasInstallScript": true,
      "engines": {
        "node": ">=6"
      }
    },
    "node_modules/@fortawesome/free-regular-svg-icons": {
      "version": "6.3.0",
      "resolved": "https://mirrors.cloud.tencent.com/npm/@fortawesome/free-regular-svg-icons/-/free-regular-svg-icons-6.3.0.tgz",
      "integrity": "sha512-cZnwiVHZ51SVzWHOaNCIA+u9wevZjCuAGSvSYpNlm6A4H4Vhwh8481Bf/5rwheIC3fFKlgXxLKaw8Xeroz8Ntg==",
      "hasInstallScript": true,
      "dependencies": {
        "@fortawesome/fontawesome-common-types": "6.3.0"
      },
      "engines": {
        "node": ">=6"
      }
    },
    "node_modules/@fortawesome/free-solid-svg-icons": {
      "version": "6.3.0",
      "resolved": "https://mirrors.cloud.tencent.com/npm/@fortawesome/free-solid-svg-icons/-/free-solid-svg-icons-6.3.0.tgz",
      "integrity": "sha512-x5tMwzF2lTH8pyv8yeZRodItP2IVlzzmBuD1M7BjawWgg9XAvktqJJ91Qjgoaf8qJpHQ8FEU9VxRfOkLhh86QA==",
      "hasInstallScript": true,
      "dependencies": {
        "@fortawesome/fontawesome-common-types": "6.3.0"
      },
      "engines": {
        "node": ">=6"
      }
    },
    "node_modules/@lezer/common": {
      "version": "1.0.2",
      "resolved": "https://mirrors.cloud.tencent.com/npm/@lezer/common/-/common-1.0.2.tgz",
      "integrity": "sha512-SVgiGtMnMnW3ActR8SXgsDhw7a0w0ChHSYAyAUxxrOiJ1OqYWEKk/xJd84tTSPo1mo6DXLObAJALNnd0Hrv7Ng=="
    },
    "node_modules/@lezer/highlight": {
      "version": "1.1.3",
      "resolved": "https://mirrors.cloud.tencent.com/npm/@lezer/highlight/-/highlight-1.1.3.tgz",
      "integrity": "sha512-3vLKLPThO4td43lYRBygmMY18JN3CPh9w+XS2j8WC30vR4yZeFG4z1iFe4jXE43NtGqe//zHW5q8ENLlHvz9gw==",
      "dependencies": {
        "@lezer/common": "^1.0.0"
      }
    },
    "node_modules/@lezer/json": {
      "version": "1.0.0",
      "resolved": "https://mirrors.cloud.tencent.com/npm/@lezer/json/-/json-1.0.0.tgz",
      "integrity": "sha512-zbAuUY09RBzCoCA3lJ1+ypKw5WSNvLqGMtasdW6HvVOqZoCpPr8eWrsGnOVWGKGn8Rh21FnrKRVlJXrGAVUqRw==",
      "dependencies": {
        "@lezer/highlight": "^1.0.0",
        "@lezer/lr": "^1.0.0"
      }
    },
    "node_modules/@lezer/lr": {
      "version": "1.3.3",
      "resolved": "https://mirrors.cloud.tencent.com/npm/@lezer/lr/-/lr-1.3.3.tgz",
      "integrity": "sha512-JPQe3mwJlzEVqy67iQiiGozhcngbO8QBgpqZM6oL1Wj/dXckrEexpBLeFkq0edtW5IqnPRFxA24BHJni8Js69w==",
      "dependencies": {
        "@lezer/common": "^1.0.0"
      }
    },
    "node_modules/@replit/codemirror-indentation-markers": {
      "version": "6.3.0",
      "resolved": "https://mirrors.cloud.tencent.com/npm/@replit/codemirror-indentation-markers/-/codemirror-indentation-markers-6.3.0.tgz",
      "integrity": "sha512-taY9K4Piqgwk9CxFQo5XCZgotuVCNkU/O/NqdF125zmsY6wA4U71dZ7Bug4S4CFRTSq+4yBfb/8H7/dnYP4u5Q==",
      "peerDependencies": {
        "@codemirror/language": "^6.0.0",
        "@codemirror/state": "^6.0.0",
        "@codemirror/view": "^6.0.0"
      }
    },
    "node_modules/@sphinxxxx/color-conversion": {
      "version": "2.2.2",
      "resolved": "https://mirrors.cloud.tencent.com/npm/@sphinxxxx/color-conversion/-/color-conversion-2.2.2.tgz",
      "integrity": "sha512-XExJS3cLqgrmNBIP3bBw6+1oQ1ksGjFh0+oClDKFYpCCqx/hlqwWO5KO/S63fzUo67SxI9dMrF0y5T/Ey7h8Zw=="
    },
    "node_modules/ajv": {
      "version": "8.12.0",
      "resolved": "https://mirrors.cloud.tencent.com/npm/ajv/-/ajv-8.12.0.tgz",
      "integrity": "sha512-sRu1kpcO9yLtYxBKvqfTeh9KzZEwO3STyX1HT+4CaDzC6HpTGYhIhPIzj9XuKU7KYDwnaeh5hcOwjy1QuJzBPA==",
      "dependencies": {
        "fast-deep-equal": "^3.1.1",
        "json-schema-traverse": "^1.0.0",
        "require-from-string": "^2.0.2",
        "uri-js": "^4.2.2"
      },
      "funding": {
        "type": "github",
        "url": "https://github.com/sponsors/epoberezkin"
      }
    },
    "node_modules/anymatch": {
      "version": "3.1.3",
      "resolved": "https://mirrors.cloud.tencent.com/npm/anymatch/-/anymatch-3.1.3.tgz",
      "integrity": "sha512-KMReFUr0B4t+D+OBkjR3KYqvocp2XaSzO55UcB6mgQMd3KbcE+mWTyvVV7D/zsdEbNnV6acZUutkiHQXvTr1Rw==",
      "dependencies": {
        "normalize-path": "^3.0.0",
        "picomatch": "^2.0.4"
      },
      "engines": {
        "node": ">= 8"
      }
    },
    "node_modules/binary-extensions": {
      "version": "2.2.0",
      "resolved": "https://mirrors.cloud.tencent.com/npm/binary-extensions/-/binary-extensions-2.2.0.tgz",
      "integrity": "sha512-jDctJ/IVQbZoJykoeHbhXpOlNBqGNcwXJKJog42E5HDPUwQTSdjCHdihjj0DlnheQ7blbT6dHOafNAiS8ooQKA==",
      "engines": {
        "node": ">=8"
      }
    },
    "node_modules/braces": {
      "version": "3.0.2",
      "resolved": "https://mirrors.cloud.tencent.com/npm/braces/-/braces-3.0.2.tgz",
      "integrity": "sha512-b8um+L1RzM3WDSzvhm6gIz1yfTbBt6YTlcEKAvsmqCZZFw46z626lVj9j1yEPW33H5H+lBQpZMP1k8l+78Ha0A==",
      "dependencies": {
        "fill-range": "^7.0.1"
      },
      "engines": {
        "node": ">=8"
      }
    },
    "node_modules/carbon-icons-svelte": {
      "version": "11.4.0",
      "resolved": "https://mirrors.cloud.tencent.com/npm/carbon-icons-svelte/-/carbon-icons-svelte-11.4.0.tgz",
      "integrity": "sha512-p/llZde2kP2BI9SOqM+QFKGfQnYrW+4dVxF1rAYriEADXDsjt9EYlh+KpQ5qf4JpXAq+e2+TB/r/lIG1xdUbAQ=="
    },
    "node_modules/chokidar": {
      "version": "3.5.3",
      "resolved": "https://mirrors.cloud.tencent.com/npm/chokidar/-/chokidar-3.5.3.tgz",
      "integrity": "sha512-Dr3sfKRP6oTcjf2JmUmFJfeVMvXBdegxB0iVQ5eb2V10uFJUCAS8OByZdVAyVb8xXNz3GjjTgj9kLWsZTqE6kw==",
      "funding": [
        {
          "type": "individual",
          "url": "https://paulmillr.com/funding/"
        }
      ],
      "dependencies": {
        "anymatch": "~3.1.2",
        "braces": "~3.0.2",
        "glob-parent": "~5.1.2",
        "is-binary-path": "~2.1.0",
        "is-glob": "~4.0.1",
        "normalize-path": "~3.0.0",
        "readdirp": "~3.6.0"
      },
      "engines": {
        "node": ">= 8.10.0"
      },
      "optionalDependencies": {
        "fsevents": "~2.3.2"
      }
    },
    "node_modules/codemirror": {
      "version": "6.0.1",
      "resolved": "https://mirrors.cloud.tencent.com/npm/codemirror/-/codemirror-6.0.1.tgz",
      "integrity": "sha512-J8j+nZ+CdWmIeFIGXEFbFPtpiYacFMDR8GlHK3IyHQJMCaVRfGx9NT+Hxivv1ckLWPvNdZqndbr/7lVhrf/Svg==",
      "dependencies": {
        "@codemirror/autocomplete": "^6.0.0",
        "@codemirror/commands": "^6.0.0",
        "@codemirror/language": "^6.0.0",
        "@codemirror/lint": "^6.0.0",
        "@codemirror/search": "^6.0.0",
        "@codemirror/state": "^6.0.0",
        "@codemirror/view": "^6.0.0"
      }
    },
    "node_modules/crelt": {
      "version": "1.0.5",
      "resolved": "https://mirrors.cloud.tencent.com/npm/crelt/-/crelt-1.0.5.tgz",
      "integrity": "sha512-+BO9wPPi+DWTDcNYhr/W90myha8ptzftZT+LwcmUbbok0rcP/fequmFYCw8NMoH7pkAZQzU78b3kYrlua5a9eA=="
    },
    "node_modules/diff-sequences": {
      "version": "29.4.3",
      "resolved": "https://mirrors.cloud.tencent.com/npm/diff-sequences/-/diff-sequences-29.4.3.tgz",
      "integrity": "sha512-ofrBgwpPhCD85kMKtE9RYFFq6OC1A89oW2vvgWZNCwxrUpRUILopY7lsYyMDSjc8g6U6aiO0Qubg6r4Wgt5ZnA==",
      "engines": {
        "node": "^14.15.0 || ^16.10.0 || >=18.0.0"
      }
    },
    "node_modules/fast-deep-equal": {
      "version": "3.1.3",
      "resolved": "https://mirrors.cloud.tencent.com/npm/fast-deep-equal/-/fast-deep-equal-3.1.3.tgz",
      "integrity": "sha512-f3qQ9oQy9j2AhBe/H9VC91wLmKBCCU/gDOnKNAYG5hswO7BLKj09Hc5HYNz9cGI++xlpDCIgDaitVs03ATR84Q=="
    },
    "node_modules/fill-range": {
      "version": "7.0.1",
      "resolved": "https://mirrors.cloud.tencent.com/npm/fill-range/-/fill-range-7.0.1.tgz",
      "integrity": "sha512-qOo9F+dMUmC2Lcb4BbVvnKJxTPjCm+RRpe4gDuGrzkL7mEVl/djYSu2OdQ2Pa302N4oqkSg9ir6jaLWJ2USVpQ==",
      "dependencies": {
        "to-regex-range": "^5.0.1"
      },
      "engines": {
        "node": ">=8"
      }
    },
    "node_modules/fsevents": {
      "version": "2.3.2",
      "resolved": "https://mirrors.cloud.tencent.com/npm/fsevents/-/fsevents-2.3.2.tgz",
      "integrity": "sha512-xiqMQR4xAeHTuB9uWm+fFRcIOgKBMiOBP+eXiyT7jsgVCq1bkVygt00oASowB7EdtpOHaaPgKt812P9ab+DDKA==",
      "hasInstallScript": true,
      "optional": true,
      "os": [
        "darwin"
      ],
      "engines": {
        "node": "^8.16.0 || ^10.6.0 || >=11.0.0"
      }
    },
    "node_modules/glob-parent": {
      "version": "5.1.2",
      "resolved": "https://mirrors.cloud.tencent.com/npm/glob-parent/-/glob-parent-5.1.2.tgz",
      "integrity": "sha512-AOIgSQCepiJYwP3ARnGx+5VnTu2HBYdzbGP45eLw1vr3zB3vZLeyed1sC9hnbcOc9/SrMyM5RPQrkGz4aS9Zow==",
      "dependencies": {
        "is-glob": "^4.0.1"
      },
      "engines": {
        "node": ">= 6"
      }
    },
    "node_modules/immutable": {
      "version": "4.2.4",
      "resolved": "https://mirrors.cloud.tencent.com/npm/immutable/-/immutable-4.2.4.tgz",
      "integrity": "sha512-WDxL3Hheb1JkRN3sQkyujNlL/xRjAo3rJtaU5xeufUauG66JdMr32bLj4gF+vWl84DIA3Zxw7tiAjneYzRRw+w=="
    },
    "node_modules/immutable-json-patch": {
      "version": "5.1.2",
      "resolved": "https://mirrors.cloud.tencent.com/npm/immutable-json-patch/-/immutable-json-patch-5.1.2.tgz",
      "integrity": "sha512-t2Y6T/6JcaCQlcgVglDmN2jDuXPuHfWq/oEIGae5YRXxPq4AEMoDIdkBsuGJT1wGrQDyqWulDMdPfZyz62cvew=="
    },
    "node_modules/is-binary-path": {
      "version": "2.1.0",
      "resolved": "https://mirrors.cloud.tencent.com/npm/is-binary-path/-/is-binary-path-2.1.0.tgz",
      "integrity": "sha512-ZMERYes6pDydyuGidse7OsHxtbI7WVeUEozgR/g7rd0xUimYNlvZRE/K2MgZTjWy725IfelLeVcEM97mmtRGXw==",
      "dependencies": {
        "binary-extensions": "^2.0.0"
      },
      "engines": {
        "node": ">=8"
      }
    },
    "node_modules/is-extglob": {
      "version": "2.1.1",
      "resolved": "https://mirrors.cloud.tencent.com/npm/is-extglob/-/is-extglob-2.1.1.tgz",
      "integrity": "sha1-qIwCU1eR8C7TfHahueqXc8gz+MI=",
      "engines": {
        "node": ">=0.10.0"
      }
    },
    "node_modules/is-glob": {
      "version": "4.0.3",
      "resolved": "https://mirrors.cloud.tencent.com/npm/is-glob/-/is-glob-4.0.3.tgz",
      "integrity": "sha512-xelSayHH36ZgE7ZWhli7pW34hNbNl8Ojv5KVmkJD4hBdD3th8Tfk9vYasLM+mXWOZhFkgZfxhLSnrwRr4elSSg==",
      "dependencies": {
        "is-extglob": "^2.1.1"
      },
      "engines": {
        "node": ">=0.10.0"
      }
    },
    "node_modules/is-number": {
      "version": "7.0.0",
      "resolved": "https://mirrors.cloud.tencent.com/npm/is-number/-/is-number-7.0.0.tgz",
      "integrity": "sha512-41Cifkg6e8TylSpdtTpeLVMqvSBEVzTttHvERD741+pnZ8ANv0004MRL43QKPDlK9cGvNp6NZWZUBlbGXYxxng==",
      "engines": {
        "node": ">=0.12.0"
      }
    },
    "node_modules/jmespath": {
      "version": "0.16.0",
      "resolved": "https://mirrors.cloud.tencent.com/npm/jmespath/-/jmespath-0.16.0.tgz",
      "integrity": "sha512-9FzQjJ7MATs1tSpnco1K6ayiYE3figslrXA72G2HQ/n76RzvYlofyi5QM+iX4YRs/pu3yzxlVQSST23+dMDknw==",
      "engines": {
        "node": ">= 0.6.0"
      }
    },
    "node_modules/json-schema-traverse": {
      "version": "1.0.0",
      "resolved": "https://mirrors.cloud.tencent.com/npm/json-schema-traverse/-/json-schema-traverse-1.0.0.tgz",
      "integrity": "sha512-NM8/P9n3XjXhIZn1lLhkFaACTOURQXjWhV4BA/RnOv8xvgqtqpAX9IO4mRQxSx1Rlo4tqzeqb0sOlruaOy3dug=="
    },
    "node_modules/json-source-map": {
      "version": "0.6.1",
      "resolved": "https://mirrors.cloud.tencent.com/npm/json-source-map/-/json-source-map-0.6.1.tgz",
      "integrity": "sha512-1QoztHPsMQqhDq0hlXY5ZqcEdUzxQEIxgFkKl4WUp2pgShObl+9ovi4kRh2TfvAfxAoHOJ9vIMEqk3k4iex7tg=="
    },
    "node_modules/jsonrepair": {
      "version": "3.0.2",
      "resolved": "https://mirrors.cloud.tencent.com/npm/jsonrepair/-/jsonrepair-3.0.2.tgz",
      "integrity": "sha512-jf3eC13iGklfXqpER/OV6q24rMhXwNAoMg+zPZgPVHxGLoDaNaKk+9TdsRtGQSIAsbC1xafiIAKSwThhtHCpcw==",
      "bin": {
        "jsonrepair": "bin/cli.js"
      }
    },
    "node_modules/lodash-es": {
      "version": "4.17.21",
      "resolved": "https://mirrors.cloud.tencent.com/npm/lodash-es/-/lodash-es-4.17.21.tgz",
      "integrity": "sha512-mKnC+QJ9pWVzv+C4/U3rRsHapFfHvQFoFB92e52xeyGMcX6/OlIl78je1u8vePzYZSkkogMPJ2yjxxsb89cxyw=="
    },
    "node_modules/memoize-one": {
      "version": "6.0.0",
      "resolved": "https://mirrors.cloud.tencent.com/npm/memoize-one/-/memoize-one-6.0.0.tgz",
      "integrity": "sha512-rkpe71W0N0c0Xz6QD0eJETuWAJGnJ9afsl1srmwPrI+yBCkge5EycXXbYRyvL29zZVUWQCY7InPRCv3GDXuZNw=="
    },
    "node_modules/natural-compare-lite": {
      "version": "1.4.0",
      "resolved": "https://mirrors.cloud.tencent.com/npm/natural-compare-lite/-/natural-compare-lite-1.4.0.tgz",
      "integrity": "sha1-F7CVgZiJef3a/gIB6TG6kzyWy7Q="
    },
    "node_modules/normalize-path": {
      "version": "3.0.0",
      "resolved": "https://mirrors.cloud.tencent.com/npm/normalize-path/-/normalize-path-3.0.0.tgz",
      "integrity": "sha512-6eZs5Ls3WtCisHWp9S2GUy8dqkpGi4BVSz3GaqiE6ezub0512ESztXUwUB6C6IKbQkY2Pnb/mD4WYojCRwcwLA==",
      "engines": {
        "node": ">=0.10.0"
      }
    },
    "node_modules/picomatch": {
      "version": "2.3.1",
      "resolved": "https://mirrors.cloud.tencent.com/npm/picomatch/-/picomatch-2.3.1.tgz",
      "integrity": "sha512-JU3teHTNjmE2VCGFzuY8EXzCDVwEqB2a8fsIvwaStHhAWJEeVd1o1QD80CU6+ZdEXXSLbSsuLwJjkCBWqRQUVA==",
      "engines": {
        "node": ">=8.6"
      },
      "funding": {
        "url": "https://github.com/sponsors/jonschlinkert"
      }
    },
    "node_modules/punycode": {
      "version": "2.3.0",
      "resolved": "https://mirrors.cloud.tencent.com/npm/punycode/-/punycode-2.3.0.tgz",
      "integrity": "sha512-rRV+zQD8tVFys26lAGR9WUuS4iUAngJScM+ZRSKtvl5tKeZ2t5bvdNFdNHBW9FWR4guGHlgmsZ1G7BSm2wTbuA==",
      "engines": {
        "node": ">=6"
      }
    },
    "node_modules/readdirp": {
      "version": "3.6.0",
      "resolved": "https://mirrors.cloud.tencent.com/npm/readdirp/-/readdirp-3.6.0.tgz",
      "integrity": "sha512-hOS089on8RduqdbhvQ5Z37A0ESjsqz6qnRcffsMU3495FuTdqSm+7bhJ29JvIOsBDEEnan5DPu9t3To9VRlMzA==",
      "dependencies": {
        "picomatch": "^2.2.1"
      },
      "engines": {
        "node": ">=8.10.0"
      }
    },
    "node_modules/require-from-string": {
      "version": "2.0.2",
      "resolved": "https://mirrors.cloud.tencent.com/npm/require-from-string/-/require-from-string-2.0.2.tgz",
      "integrity": "sha512-Xf0nWe6RseziFMu+Ap9biiUbmplq6S9/p+7w7YXP/JBHhrUDDUhwa+vANyubuqfZWTveU//DYVGsDG7RKL/vEw==",
      "engines": {
        "node": ">=0.10.0"
      }
    },
    "node_modules/sass": {
      "version": "1.58.3",
      "resolved": "https://mirrors.cloud.tencent.com/npm/sass/-/sass-1.58.3.tgz",
      "integrity": "sha512-Q7RaEtYf6BflYrQ+buPudKR26/lH+10EmO9bBqbmPh/KeLqv8bjpTNqxe71ocONqXq+jYiCbpPUmQMS+JJPk4A==",
      "dependencies": {
        "chokidar": ">=3.0.0 <4.0.0",
        "immutable": "^4.0.0",
        "source-map-js": ">=0.6.2 <2.0.0"
      },
      "bin": {
        "sass": "sass.js"
      },
      "engines": {
        "node": ">=12.0.0"
      }
    },
    "node_modules/source-map-js": {
      "version": "1.0.2",
      "resolved": "https://mirrors.cloud.tencent.com/npm/source-map-js/-/source-map-js-1.0.2.tgz",
      "integrity": "sha512-R0XvVJ9WusLiqTCEiGCmICCMplcCkIwwR11mOSD9CR5u+IXYdiseeEuXCVAjS54zqwkLcPNnmU4OeJ6tUrWhDw==",
      "engines": {
        "node": ">=0.10.0"
      }
    },
    "node_modules/style-mod": {
      "version": "4.0.0",
      "resolved": "https://mirrors.cloud.tencent.com/npm/style-mod/-/style-mod-4.0.0.tgz",
      "integrity": "sha512-OPhtyEjyyN9x3nhPsu76f52yUGXiZcgvsrFVtvTkyGRQJ0XK+GPc6ov1z+lRpbeabka+MYEQxOYRnt5nF30aMw=="
    },
    "node_modules/svelte": {
      "version": "3.55.1",
      "resolved": "https://mirrors.cloud.tencent.com/npm/svelte/-/svelte-3.55.1.tgz",
      "integrity": "sha512-S+87/P0Ve67HxKkEV23iCdAh/SX1xiSfjF1HOglno/YTbSTW7RniICMCofWGdJJbdjw3S+0PfFb1JtGfTXE0oQ==",
      "engines": {
        "node": ">= 8"
      }
    },
    "node_modules/svelte-awesome": {
      "version": "3.0.1",
      "resolved": "https://mirrors.cloud.tencent.com/npm/svelte-awesome/-/svelte-awesome-3.0.1.tgz",
      "integrity": "sha512-wFMOREy4hRsUbWUhOCnilg7i2F50uKSu2dOnuXj+9TZh0wuBDo+5XIB5TCSzDbLfV8DVtSKb0Jv37yNYSxvGbQ==",
      "peerDependencies": {
        "svelte": "^3.43.1"
      }
    },
    "node_modules/svelte-floating-ui": {
      "version": "1.2.8",
      "resolved": "https://mirrors.cloud.tencent.com/npm/svelte-floating-ui/-/svelte-floating-ui-1.2.8.tgz",
      "integrity": "sha512-8Ifi5CD2Ui7FX7NjJRmutFtXjrB8T/FMNoS2H8P81t5LHK4I9G4NIs007rLWG/nRl7y+zJUXa3tWuTjYXw/O5A==",
      "dependencies": {
        "@floating-ui/core": "^1.1.0",
        "@floating-ui/dom": "^1.1.0"
      }
    },
    "node_modules/svelte-jsoneditor": {
      "version": "0.14.9",
      "resolved": "https://mirrors.cloud.tencent.com/npm/svelte-jsoneditor/-/svelte-jsoneditor-0.14.9.tgz",
      "integrity": "sha512-6Yaeo47RHjN+5Q16sGbvpnFqERhV1QeG2686bibqidWd5Z4mnDLdK6hJdOheF+Sj80721PhUDxHC7hrJUohcAw==",
      "dependencies": {
        "@codemirror/commands": "^6.2.1",
        "@codemirror/lang-json": "^6.0.1",
        "@codemirror/language": "^6.6.0",
        "@codemirror/lint": "^6.1.0",
        "@codemirror/search": "^6.2.3",
        "@codemirror/state": "^6.2.0",
        "@codemirror/view": "^6.8.1",
        "@fontsource/fira-mono": "^4.5.10",
        "@fortawesome/free-regular-svg-icons": "^6.3.0",
        "@fortawesome/free-solid-svg-icons": "^6.3.0",
        "@replit/codemirror-indentation-markers": "6.3.0",
        "ajv": "^8.12.0",
        "codemirror": "^6.0.1",
        "diff-sequences": "^29.4.2",
        "immutable-json-patch": "^5.1.2",
        "jmespath": "^0.16.0",
        "json-source-map": "^0.6.1",
        "jsonrepair": "^3.0.2",
        "lodash-es": "^4.17.21",
        "memoize-one": "^6.0.0",
        "natural-compare-lite": "^1.4.0",
        "sass": "^1.58.1",
        "svelte": "^3.55.1",
        "svelte-awesome": "^3.0.1",
        "svelte-select": "^5.2.1",
        "svelte-simple-modal": "^1.5.2",
        "vanilla-picker": "^2.12.1"
      }
    },
    "node_modules/svelte-select": {
      "version": "5.3.1",
      "resolved": "https://mirrors.cloud.tencent.com/npm/svelte-select/-/svelte-select-5.3.1.tgz",
      "integrity": "sha512-TKlH22FEOr/KYNX4dzBJntNzeI0v0eZYU3VEo2uz/gar6xZdhQ3KT81hvD595GfSB7wiFdYc9SO42wrcgm9W4Q==",
      "dependencies": {
        "@floating-ui/dom": "^1.2.1",
        "svelte-floating-ui": "1.2.8"
      }
    },
    "node_modules/svelte-simple-modal": {
      "version": "1.5.2",
      "resolved": "https://mirrors.cloud.tencent.com/npm/svelte-simple-modal/-/svelte-simple-modal-1.5.2.tgz",
      "integrity": "sha512-kQ+9/bonxMMJe6dGTCPXBkYQQ4zF8rqqPp+PvTWOJB8QtB+Z0S/h7ZJRDZOAnkXTUClwd+Qmb2HHTIXVkjlSvA==",
      "peerDependencies": {
        "svelte": "^3.31.2"
      }
    },
    "node_modules/to-regex-range": {
      "version": "5.0.1",
      "resolved": "https://mirrors.cloud.tencent.com/npm/to-regex-range/-/to-regex-range-5.0.1.tgz",
      "integrity": "sha512-65P7iz6X5yEr1cwcgvQxbbIw7Uk3gOy5dIdtZ4rDveLqhrdJP+Li/Hx6tyK0NEb+2GCyneCMJiGqrADCSNk8sQ==",
      "dependencies": {
        "is-number": "^7.0.0"
      },
      "engines": {
        "node": ">=8.0"
      }
    },
    "node_modules/uri-js": {
      "version": "4.4.1",
      "resolved": "https://mirrors.cloud.tencent.com/npm/uri-js/-/uri-js-4.4.1.tgz",
      "integrity": "sha512-7rKUyy33Q1yc98pQ1DAmLtwX109F7TIfWlW1Ydo8Wl1ii1SeHieeh0HHfPeL2fMXK6z0s8ecKs9frCuLJvndBg==",
      "dependencies": {
        "punycode": "^2.1.0"
      }
    },
    "node_modules/vanilla-picker": {
      "version": "2.12.1",
      "resolved": "https://mirrors.cloud.tencent.com/npm/vanilla-picker/-/vanilla-picker-2.12.1.tgz",
      "integrity": "sha512-2qrEP9VYylKXbyzXKsbu2dferBTvqnlsr29XjHwFE+/MEp0VNj6oEUESLDtKZ7DWzGdSv1x/+ujqFZF+KsO3cg==",
      "dependencies": {
        "@sphinxxxx/color-conversion": "^2.2.2"
      }
    },
    "node_modules/w3c-keyname": {
      "version": "2.2.6",
      "resolved": "https://mirrors.cloud.tencent.com/npm/w3c-keyname/-/w3c-keyname-2.2.6.tgz",
      "integrity": "sha512-f+fciywl1SJEniZHD6H+kUO8gOnwIr7f4ijKA6+ZvJFjeGi1r4PDLl53Ayud9O/rk64RqgoQine0feoeOU0kXg=="
    }
  },
  "dependencies": {
    "@codemirror/autocomplete": {
      "version": "6.4.2",
      "resolved": "https://mirrors.cloud.tencent.com/npm/@codemirror/autocomplete/-/autocomplete-6.4.2.tgz",
      "integrity": "sha512-8WE2xp+D0MpWEv5lZ6zPW1/tf4AGb358T5GWYiKEuCP8MvFfT3tH2mIF9Y2yr2e3KbHuSvsVhosiEyqCpiJhZQ==",
      "requires": {
        "@codemirror/language": "^6.0.0",
        "@codemirror/state": "^6.0.0",
        "@codemirror/view": "^6.6.0",
        "@lezer/common": "^1.0.0"
      }
    },
    "@codemirror/commands": {
      "version": "6.2.1",
      "resolved": "https://mirrors.cloud.tencent.com/npm/@codemirror/commands/-/commands-6.2.1.tgz",
      "integrity": "sha512-FFiNKGuHA5O8uC6IJE5apI5rT9gyjlw4whqy4vlcX0wE/myxL6P1s0upwDhY4HtMWLOwzwsp0ap3bjdQhvfDOA==",
      "requires": {
        "@codemirror/language": "^6.0.0",
        "@codemirror/state": "^6.2.0",
        "@codemirror/view": "^6.0.0",
        "@lezer/common": "^1.0.0"
      }
    },
    "@codemirror/lang-json": {
      "version": "6.0.1",
      "resolved": "https://mirrors.cloud.tencent.com/npm/@codemirror/lang-json/-/lang-json-6.0.1.tgz",
      "integrity": "sha512-+T1flHdgpqDDlJZ2Lkil/rLiRy684WMLc74xUnjJH48GQdfJo/pudlTRreZmKwzP8/tGdKf83wlbAdOCzlJOGQ==",
      "requires": {
        "@codemirror/language": "^6.0.0",
        "@lezer/json": "^1.0.0"
      }
    },
    "@codemirror/language": {
      "version": "6.6.0",
      "resolved": "https://mirrors.cloud.tencent.com/npm/@codemirror/language/-/language-6.6.0.tgz",
      "integrity": "sha512-cwUd6lzt3MfNYOobdjf14ZkLbJcnv4WtndYaoBkbor/vF+rCNguMPK0IRtvZJG4dsWiaWPcK8x1VijhvSxnstg==",
      "requires": {
        "@codemirror/state": "^6.0.0",
        "@codemirror/view": "^6.0.0",
        "@lezer/common": "^1.0.0",
        "@lezer/highlight": "^1.0.0",
        "@lezer/lr": "^1.0.0",
        "style-mod": "^4.0.0"
      }
    },
    "@codemirror/lint": {
      "version": "6.1.1",
      "resolved": "https://mirrors.cloud.tencent.com/npm/@codemirror/lint/-/lint-6.1.1.tgz",
      "integrity": "sha512-e+M543x0NVHGayNHQzLP4XByJsvbu/ojY6+0VF2Y4Uu66Rt1nADuxNflZwECLf7gS009smIsptSUa6bUj/U/rw==",
      "requires": {
        "@codemirror/state": "^6.0.0",
        "@codemirror/view": "^6.0.0",
        "crelt": "^1.0.5"
      }
    },
    "@codemirror/search": {
      "version": "6.2.3",
      "resolved": "https://mirrors.cloud.tencent.com/npm/@codemirror/search/-/search-6.2.3.tgz",
      "integrity": "sha512-V9n9233lopQhB1dyjsBK2Wc1i+8hcCqxl1wQ46c5HWWLePoe4FluV3TGHoZ04rBRlGjNyz9DTmpJErig8UE4jw==",
      "requires": {
        "@codemirror/state": "^6.0.0",
        "@codemirror/view": "^6.0.0",
        "crelt": "^1.0.5"
      }
    },
    "@codemirror/state": {
      "version": "6.2.0",
      "resolved": "https://mirrors.cloud.tencent.com/npm/@codemirror/state/-/state-6.2.0.tgz",
      "integrity": "sha512-69QXtcrsc3RYtOtd+GsvczJ319udtBf1PTrr2KbLWM/e2CXUPnh0Nz9AUo8WfhSQ7GeL8dPVNUmhQVgpmuaNGA=="
    },
    "@codemirror/view": {
      "version": "6.9.1",
      "resolved": "https://mirrors.cloud.tencent.com/npm/@codemirror/view/-/view-6.9.1.tgz",
      "integrity": "sha512-bzfSjJn9dAADVpabLKWKNmMG4ibyTV2e3eOGowjElNPTdTkSbi6ixPYHm2u0ADcETfKsi2/R84Rkmi91dH9yEg==",
      "requires": {
        "@codemirror/state": "^6.1.4",
        "style-mod": "^4.0.0",
        "w3c-keyname": "^2.2.4"
      }
    },
    "@floating-ui/core": {
      "version": "1.2.1",
      "resolved": "https://mirrors.cloud.tencent.com/npm/@floating-ui/core/-/core-1.2.1.tgz",
      "integrity": "sha512-LSqwPZkK3rYfD7GKoIeExXOyYx6Q1O4iqZWwIehDNuv3Dv425FIAE8PRwtAx1imEolFTHgBEcoFHm9MDnYgPCg=="
    },
    "@floating-ui/dom": {
      "version": "1.2.1",
      "resolved": "https://mirrors.cloud.tencent.com/npm/@floating-ui/dom/-/dom-1.2.1.tgz",
      "integrity": "sha512-Rt45SmRiV8eU+xXSB9t0uMYiQ/ZWGE/jumse2o3i5RGlyvcbqOF4q+1qBnzLE2kZ5JGhq0iMkcGXUKbFe7MpTA==",
      "requires": {
        "@floating-ui/core": "^1.2.1"
      }
    },
    "@fontsource/fira-mono": {
      "version": "4.5.10",
      "resolved": "https://mirrors.cloud.tencent.com/npm/@fontsource/fira-mono/-/fira-mono-4.5.10.tgz",
      "integrity": "sha512-bxUnRP8xptGRo8YXeY073DSpfK74XpSb0ZyRNpHV9WvLnJ7TwPOjZll8hTMin7zLC6iOp59pDZ8EQDj1gzgAQQ=="
    },
    "@fortawesome/fontawesome-common-types": {
      "version": "6.3.0",
      "resolved": "https://mirrors.cloud.tencent.com/npm/@fortawesome/fontawesome-common-types/-/fontawesome-common-types-6.3.0.tgz",
      "integrity": "sha512-4BC1NMoacEBzSXRwKjZ/X/gmnbp/HU5Qqat7E8xqorUtBFZS+bwfGH5/wqOC2K6GV0rgEobp3OjGRMa5fK9pFg=="
    },
    "@fortawesome/free-regular-svg-icons": {
      "version": "6.3.0",
      "resolved": "https://mirrors.cloud.tencent.com/npm/@fortawesome/free-regular-svg-icons/-/free-regular-svg-icons-6.3.0.tgz",
      "integrity": "sha512-cZnwiVHZ51SVzWHOaNCIA+u9wevZjCuAGSvSYpNlm6A4H4Vhwh8481Bf/5rwheIC3fFKlgXxLKaw8Xeroz8Ntg==",
      "requires": {
        "@fortawesome/fontawesome-common-types": "6.3.0"
      }
    },
    "@fortawesome/free-solid-svg-icons": {
      "version": "6.3.0",
      "resolved": "https://mirrors.cloud.tencent.com/npm/@fortawesome/free-solid-svg-icons/-/free-solid-svg-icons-6.3.0.tgz",
      "integrity": "sha512-x5tMwzF2lTH8pyv8yeZRodItP2IVlzzmBuD1M7BjawWgg9XAvktqJJ91Qjgoaf8qJpHQ8FEU9VxRfOkLhh86QA==",
      "requires": {
        "@fortawesome/fontawesome-common-types": "6.3.0"
      }
    },
    "@lezer/common": {
      "version": "1.0.2",
      "resolved": "https://mirrors.cloud.tencent.com/npm/@lezer/common/-/common-1.0.2.tgz",
      "integrity": "sha512-SVgiGtMnMnW3ActR8SXgsDhw7a0w0ChHSYAyAUxxrOiJ1OqYWEKk/xJd84tTSPo1mo6DXLObAJALNnd0Hrv7Ng=="
    },
    "@lezer/highlight": {
      "version": "1.1.3",
      "resolved": "https://mirrors.cloud.tencent.com/npm/@lezer/highlight/-/highlight-1.1.3.tgz",
      "integrity": "sha512-3vLKLPThO4td43lYRBygmMY18JN3CPh9w+XS2j8WC30vR4yZeFG4z1iFe4jXE43NtGqe//zHW5q8ENLlHvz9gw==",
      "requires": {
        "@lezer/common": "^1.0.0"
      }
    },
    "@lezer/json": {
      "version": "1.0.0",
      "resolved": "https://mirrors.cloud.tencent.com/npm/@lezer/json/-/json-1.0.0.tgz",
      "integrity": "sha512-zbAuUY09RBzCoCA3lJ1+ypKw5WSNvLqGMtasdW6HvVOqZoCpPr8eWrsGnOVWGKGn8Rh21FnrKRVlJXrGAVUqRw==",
      "requires": {
        "@lezer/highlight": "^1.0.0",
        "@lezer/lr": "^1.0.0"
      }
    },
    "@lezer/lr": {
      "version": "1.3.3",
      "resolved": "https://mirrors.cloud.tencent.com/npm/@lezer/lr/-/lr-1.3.3.tgz",
      "integrity": "sha512-JPQe3mwJlzEVqy67iQiiGozhcngbO8QBgpqZM6oL1Wj/dXckrEexpBLeFkq0edtW5IqnPRFxA24BHJni8Js69w==",
      "requires": {
        "@lezer/common": "^1.0.0"
      }
    },
    "@replit/codemirror-indentation-markers": {
      "version": "6.3.0",
      "resolved": "https://mirrors.cloud.tencent.com/npm/@replit/codemirror-indentation-markers/-/codemirror-indentation-markers-6.3.0.tgz",
      "integrity": "sha512-taY9K4Piqgwk9CxFQo5XCZgotuVCNkU/O/NqdF125zmsY6wA4U71dZ7Bug4S4CFRTSq+4yBfb/8H7/dnYP4u5Q==",
      "requires": {}
    },
    "@sphinxxxx/color-conversion": {
      "version": "2.2.2",
      "resolved": "https://mirrors.cloud.tencent.com/npm/@sphinxxxx/color-conversion/-/color-conversion-2.2.2.tgz",
      "integrity": "sha512-XExJS3cLqgrmNBIP3bBw6+1oQ1ksGjFh0+oClDKFYpCCqx/hlqwWO5KO/S63fzUo67SxI9dMrF0y5T/Ey7h8Zw=="
    },
    "ajv": {
      "version": "8.12.0",
      "resolved": "https://mirrors.cloud.tencent.com/npm/ajv/-/ajv-8.12.0.tgz",
      "integrity": "sha512-sRu1kpcO9yLtYxBKvqfTeh9KzZEwO3STyX1HT+4CaDzC6HpTGYhIhPIzj9XuKU7KYDwnaeh5hcOwjy1QuJzBPA==",
      "requires": {
        "fast-deep-equal": "^3.1.1",
        "json-schema-traverse": "^1.0.0",
        "require-from-string": "^2.0.2",
        "uri-js": "^4.2.2"
      }
    },
    "anymatch": {
      "version": "3.1.3",
      "resolved": "https://mirrors.cloud.tencent.com/npm/anymatch/-/anymatch-3.1.3.tgz",
      "integrity": "sha512-KMReFUr0B4t+D+OBkjR3KYqvocp2XaSzO55UcB6mgQMd3KbcE+mWTyvVV7D/zsdEbNnV6acZUutkiHQXvTr1Rw==",
      "requires": {
        "normalize-path": "^3.0.0",
        "picomatch": "^2.0.4"
      }
    },
    "binary-extensions": {
      "version": "2.2.0",
      "resolved": "https://mirrors.cloud.tencent.com/npm/binary-extensions/-/binary-extensions-2.2.0.tgz",
      "integrity": "sha512-jDctJ/IVQbZoJykoeHbhXpOlNBqGNcwXJKJog42E5HDPUwQTSdjCHdihjj0DlnheQ7blbT6dHOafNAiS8ooQKA=="
    },
    "braces": {
      "version": "3.0.2",
      "resolved": "https://mirrors.cloud.tencent.com/npm/braces/-/braces-3.0.2.tgz",
      "integrity": "sha512-b8um+L1RzM3WDSzvhm6gIz1yfTbBt6YTlcEKAvsmqCZZFw46z626lVj9j1yEPW33H5H+lBQpZMP1k8l+78Ha0A==",
      "requires": {
        "fill-range": "^7.0.1"
      }
    },
    "carbon-icons-svelte": {
      "version": "11.4.0",
      "resolved": "https://mirrors.cloud.tencent.com/npm/carbon-icons-svelte/-/carbon-icons-svelte-11.4.0.tgz",
      "integrity": "sha512-p/llZde2kP2BI9SOqM+QFKGfQnYrW+4dVxF1rAYriEADXDsjt9EYlh+KpQ5qf4JpXAq+e2+TB/r/lIG1xdUbAQ=="
    },
    "chokidar": {
      "version": "3.5.3",
      "resolved": "https://mirrors.cloud.tencent.com/npm/chokidar/-/chokidar-3.5.3.tgz",
      "integrity": "sha512-Dr3sfKRP6oTcjf2JmUmFJfeVMvXBdegxB0iVQ5eb2V10uFJUCAS8OByZdVAyVb8xXNz3GjjTgj9kLWsZTqE6kw==",
      "requires": {
        "anymatch": "~3.1.2",
        "braces": "~3.0.2",
        "fsevents": "~2.3.2",
        "glob-parent": "~5.1.2",
        "is-binary-path": "~2.1.0",
        "is-glob": "~4.0.1",
        "normalize-path": "~3.0.0",
        "readdirp": "~3.6.0"
      }
    },
    "codemirror": {
      "version": "6.0.1",
      "resolved": "https://mirrors.cloud.tencent.com/npm/codemirror/-/codemirror-6.0.1.tgz",
      "integrity": "sha512-J8j+nZ+CdWmIeFIGXEFbFPtpiYacFMDR8GlHK3IyHQJMCaVRfGx9NT+Hxivv1ckLWPvNdZqndbr/7lVhrf/Svg==",
      "requires": {
        "@codemirror/autocomplete": "^6.0.0",
        "@codemirror/commands": "^6.0.0",
        "@codemirror/language": "^6.0.0",
        "@codemirror/lint": "^6.0.0",
        "@codemirror/search": "^6.0.0",
        "@codemirror/state": "^6.0.0",
        "@codemirror/view": "^6.0.0"
      }
    },
    "crelt": {
      "version": "1.0.5",
      "resolved": "https://mirrors.cloud.tencent.com/npm/crelt/-/crelt-1.0.5.tgz",
      "integrity": "sha512-+BO9wPPi+DWTDcNYhr/W90myha8ptzftZT+LwcmUbbok0rcP/fequmFYCw8NMoH7pkAZQzU78b3kYrlua5a9eA=="
    },
    "diff-sequences": {
      "version": "29.4.3",
      "resolved": "https://mirrors.cloud.tencent.com/npm/diff-sequences/-/diff-sequences-29.4.3.tgz",
      "integrity": "sha512-ofrBgwpPhCD85kMKtE9RYFFq6OC1A89oW2vvgWZNCwxrUpRUILopY7lsYyMDSjc8g6U6aiO0Qubg6r4Wgt5ZnA=="
    },
    "fast-deep-equal": {
      "version": "3.1.3",
      "resolved": "https://mirrors.cloud.tencent.com/npm/fast-deep-equal/-/fast-deep-equal-3.1.3.tgz",
      "integrity": "sha512-f3qQ9oQy9j2AhBe/H9VC91wLmKBCCU/gDOnKNAYG5hswO7BLKj09Hc5HYNz9cGI++xlpDCIgDaitVs03ATR84Q=="
    },
    "fill-range": {
      "version": "7.0.1",
      "resolved": "https://mirrors.cloud.tencent.com/npm/fill-range/-/fill-range-7.0.1.tgz",
      "integrity": "sha512-qOo9F+dMUmC2Lcb4BbVvnKJxTPjCm+RRpe4gDuGrzkL7mEVl/djYSu2OdQ2Pa302N4oqkSg9ir6jaLWJ2USVpQ==",
      "requires": {
        "to-regex-range": "^5.0.1"
      }
    },
    "fsevents": {
      "version": "2.3.2",
      "resolved": "https://mirrors.cloud.tencent.com/npm/fsevents/-/fsevents-2.3.2.tgz",
      "integrity": "sha512-xiqMQR4xAeHTuB9uWm+fFRcIOgKBMiOBP+eXiyT7jsgVCq1bkVygt00oASowB7EdtpOHaaPgKt812P9ab+DDKA==",
      "optional": true
    },
    "glob-parent": {
      "version": "5.1.2",
      "resolved": "https://mirrors.cloud.tencent.com/npm/glob-parent/-/glob-parent-5.1.2.tgz",
      "integrity": "sha512-AOIgSQCepiJYwP3ARnGx+5VnTu2HBYdzbGP45eLw1vr3zB3vZLeyed1sC9hnbcOc9/SrMyM5RPQrkGz4aS9Zow==",
      "requires": {
        "is-glob": "^4.0.1"
      }
    },
    "immutable": {
      "version": "4.2.4",
      "resolved": "https://mirrors.cloud.tencent.com/npm/immutable/-/immutable-4.2.4.tgz",
      "integrity": "sha512-WDxL3Hheb1JkRN3sQkyujNlL/xRjAo3rJtaU5xeufUauG66JdMr32bLj4gF+vWl84DIA3Zxw7tiAjneYzRRw+w=="
    },
    "immutable-json-patch": {
      "version": "5.1.2",
      "resolved": "https://mirrors.cloud.tencent.com/npm/immutable-json-patch/-/immutable-json-patch-5.1.2.tgz",
      "integrity": "sha512-t2Y6T/6JcaCQlcgVglDmN2jDuXPuHfWq/oEIGae5YRXxPq4AEMoDIdkBsuGJT1wGrQDyqWulDMdPfZyz62cvew=="
    },
    "is-binary-path": {
      "version": "2.1.0",
      "resolved": "https://mirrors.cloud.tencent.com/npm/is-binary-path/-/is-binary-path-2.1.0.tgz",
      "integrity": "sha512-ZMERYes6pDydyuGidse7OsHxtbI7WVeUEozgR/g7rd0xUimYNlvZRE/K2MgZTjWy725IfelLeVcEM97mmtRGXw==",
      "requires": {
        "binary-extensions": "^2.0.0"
      }
    },
    "is-extglob": {
      "version": "2.1.1",
      "resolved": "https://mirrors.cloud.tencent.com/npm/is-extglob/-/is-extglob-2.1.1.tgz",
      "integrity": "sha1-qIwCU1eR8C7TfHahueqXc8gz+MI="
    },
    "is-glob": {
      "version": "4.0.3",
      "resolved": "https://mirrors.cloud.tencent.com/npm/is-glob/-/is-glob-4.0.3.tgz",
      "integrity": "sha512-xelSayHH36ZgE7ZWhli7pW34hNbNl8Ojv5KVmkJD4hBdD3th8Tfk9vYasLM+mXWOZhFkgZfxhLSnrwRr4elSSg==",
      "requires": {
        "is-extglob": "^2.1.1"
      }
    },
    "is-number": {
      "version": "7.0.0",
      "resolved": "https://mirrors.cloud.tencent.com/npm/is-number/-/is-number-7.0.0.tgz",
      "integrity": "sha512-41Cifkg6e8TylSpdtTpeLVMqvSBEVzTttHvERD741+pnZ8ANv0004MRL43QKPDlK9cGvNp6NZWZUBlbGXYxxng=="
    },
    "jmespath": {
      "version": "0.16.0",
      "resolved": "https://mirrors.cloud.tencent.com/npm/jmespath/-/jmespath-0.16.0.tgz",
      "integrity": "sha512-9FzQjJ7MATs1tSpnco1K6ayiYE3figslrXA72G2HQ/n76RzvYlofyi5QM+iX4YRs/pu3yzxlVQSST23+dMDknw=="
    },
    "json-schema-traverse": {
      "version": "1.0.0",
      "resolved": "https://mirrors.cloud.tencent.com/npm/json-schema-traverse/-/json-schema-traverse-1.0.0.tgz",
      "integrity": "sha512-NM8/P9n3XjXhIZn1lLhkFaACTOURQXjWhV4BA/RnOv8xvgqtqpAX9IO4mRQxSx1Rlo4tqzeqb0sOlruaOy3dug=="
    },
    "json-source-map": {
      "version": "0.6.1",
      "resolved": "https://mirrors.cloud.tencent.com/npm/json-source-map/-/json-source-map-0.6.1.tgz",
      "integrity": "sha512-1QoztHPsMQqhDq0hlXY5ZqcEdUzxQEIxgFkKl4WUp2pgShObl+9ovi4kRh2TfvAfxAoHOJ9vIMEqk3k4iex7tg=="
    },
    "jsonrepair": {
      "version": "3.0.2",
      "resolved": "https://mirrors.cloud.tencent.com/npm/jsonrepair/-/jsonrepair-3.0.2.tgz",
      "integrity": "sha512-jf3eC13iGklfXqpER/OV6q24rMhXwNAoMg+zPZgPVHxGLoDaNaKk+9TdsRtGQSIAsbC1xafiIAKSwThhtHCpcw=="
    },
    "lodash-es": {
      "version": "4.17.21",
      "resolved": "https://mirrors.cloud.tencent.com/npm/lodash-es/-/lodash-es-4.17.21.tgz",
      "integrity": "sha512-mKnC+QJ9pWVzv+C4/U3rRsHapFfHvQFoFB92e52xeyGMcX6/OlIl78je1u8vePzYZSkkogMPJ2yjxxsb89cxyw=="
    },
    "memoize-one": {
      "version": "6.0.0",
      "resolved": "https://mirrors.cloud.tencent.com/npm/memoize-one/-/memoize-one-6.0.0.tgz",
      "integrity": "sha512-rkpe71W0N0c0Xz6QD0eJETuWAJGnJ9afsl1srmwPrI+yBCkge5EycXXbYRyvL29zZVUWQCY7InPRCv3GDXuZNw=="
    },
    "natural-compare-lite": {
      "version": "1.4.0",
      "resolved": "https://mirrors.cloud.tencent.com/npm/natural-compare-lite/-/natural-compare-lite-1.4.0.tgz",
      "integrity": "sha1-F7CVgZiJef3a/gIB6TG6kzyWy7Q="
    },
    "normalize-path": {
      "version": "3.0.0",
      "resolved": "https://mirrors.cloud.tencent.com/npm/normalize-path/-/normalize-path-3.0.0.tgz",
      "integrity": "sha512-6eZs5Ls3WtCisHWp9S2GUy8dqkpGi4BVSz3GaqiE6ezub0512ESztXUwUB6C6IKbQkY2Pnb/mD4WYojCRwcwLA=="
    },
    "picomatch": {
      "version": "2.3.1",
      "resolved": "https://mirrors.cloud.tencent.com/npm/picomatch/-/picomatch-2.3.1.tgz",
      "integrity": "sha512-JU3teHTNjmE2VCGFzuY8EXzCDVwEqB2a8fsIvwaStHhAWJEeVd1o1QD80CU6+ZdEXXSLbSsuLwJjkCBWqRQUVA=="
    },
    "punycode": {
      "version": "2.3.0",
      "resolved": "https://mirrors.cloud.tencent.com/npm/punycode/-/punycode-2.3.0.tgz",
      "integrity": "sha512-rRV+zQD8tVFys26lAGR9WUuS4iUAngJScM+ZRSKtvl5tKeZ2t5bvdNFdNHBW9FWR4guGHlgmsZ1G7BSm2wTbuA=="
    },
    "readdirp": {
      "version": "3.6.0",
      "resolved": "https://mirrors.cloud.tencent.com/npm/readdirp/-/readdirp-3.6.0.tgz",
      "integrity": "sha512-hOS089on8RduqdbhvQ5Z37A0ESjsqz6qnRcffsMU3495FuTdqSm+7bhJ29JvIOsBDEEnan5DPu9t3To9VRlMzA==",
      "requires": {
        "picomatch": "^2.2.1"
      }
    },
    "require-from-string": {
      "version": "2.0.2",
      "resolved": "https://mirrors.cloud.tencent.com/npm/require-from-string/-/require-from-string-2.0.2.tgz",
      "integrity": "sha512-Xf0nWe6RseziFMu+Ap9biiUbmplq6S9/p+7w7YXP/JBHhrUDDUhwa+vANyubuqfZWTveU//DYVGsDG7RKL/vEw=="
    },
    "sass": {
      "version": "1.58.3",
      "resolved": "https://mirrors.cloud.tencent.com/npm/sass/-/sass-1.58.3.tgz",
      "integrity": "sha512-Q7RaEtYf6BflYrQ+buPudKR26/lH+10EmO9bBqbmPh/KeLqv8bjpTNqxe71ocONqXq+jYiCbpPUmQMS+JJPk4A==",
      "requires": {
        "chokidar": ">=3.0.0 <4.0.0",
        "immutable": "^4.0.0",
        "source-map-js": ">=0.6.2 <2.0.0"
      }
    },
    "source-map-js": {
      "version": "1.0.2",
      "resolved": "https://mirrors.cloud.tencent.com/npm/source-map-js/-/source-map-js-1.0.2.tgz",
      "integrity": "sha512-R0XvVJ9WusLiqTCEiGCmICCMplcCkIwwR11mOSD9CR5u+IXYdiseeEuXCVAjS54zqwkLcPNnmU4OeJ6tUrWhDw=="
    },
    "style-mod": {
      "version": "4.0.0",
      "resolved": "https://mirrors.cloud.tencent.com/npm/style-mod/-/style-mod-4.0.0.tgz",
      "integrity": "sha512-OPhtyEjyyN9x3nhPsu76f52yUGXiZcgvsrFVtvTkyGRQJ0XK+GPc6ov1z+lRpbeabka+MYEQxOYRnt5nF30aMw=="
    },
    "svelte": {
      "version": "3.55.1",
      "resolved": "https://mirrors.cloud.tencent.com/npm/svelte/-/svelte-3.55.1.tgz",
      "integrity": "sha512-S+87/P0Ve67HxKkEV23iCdAh/SX1xiSfjF1HOglno/YTbSTW7RniICMCofWGdJJbdjw3S+0PfFb1JtGfTXE0oQ=="
    },
    "svelte-awesome": {
      "version": "3.0.1",
      "resolved": "https://mirrors.cloud.tencent.com/npm/svelte-awesome/-/svelte-awesome-3.0.1.tgz",
      "integrity": "sha512-wFMOREy4hRsUbWUhOCnilg7i2F50uKSu2dOnuXj+9TZh0wuBDo+5XIB5TCSzDbLfV8DVtSKb0Jv37yNYSxvGbQ==",
      "requires": {}
    },
    "svelte-floating-ui": {
      "version": "1.2.8",
      "resolved": "https://mirrors.cloud.tencent.com/npm/svelte-floating-ui/-/svelte-floating-ui-1.2.8.tgz",
      "integrity": "sha512-8Ifi5CD2Ui7FX7NjJRmutFtXjrB8T/FMNoS2H8P81t5LHK4I9G4NIs007rLWG/nRl7y+zJUXa3tWuTjYXw/O5A==",
      "requires": {
        "@floating-ui/core": "^1.1.0",
        "@floating-ui/dom": "^1.1.0"
      }
    },
    "svelte-jsoneditor": {
      "version": "0.14.9",
      "resolved": "https://mirrors.cloud.tencent.com/npm/svelte-jsoneditor/-/svelte-jsoneditor-0.14.9.tgz",
      "integrity": "sha512-6Yaeo47RHjN+5Q16sGbvpnFqERhV1QeG2686bibqidWd5Z4mnDLdK6hJdOheF+Sj80721PhUDxHC7hrJUohcAw==",
      "requires": {
        "@codemirror/commands": "^6.2.1",
        "@codemirror/lang-json": "^6.0.1",
        "@codemirror/language": "^6.6.0",
        "@codemirror/lint": "^6.1.0",
        "@codemirror/search": "^6.2.3",
        "@codemirror/state": "^6.2.0",
        "@codemirror/view": "^6.8.1",
        "@fontsource/fira-mono": "^4.5.10",
        "@fortawesome/free-regular-svg-icons": "^6.3.0",
        "@fortawesome/free-solid-svg-icons": "^6.3.0",
        "@replit/codemirror-indentation-markers": "6.3.0",
        "ajv": "^8.12.0",
        "codemirror": "^6.0.1",
        "diff-sequences": "^29.4.2",
        "immutable-json-patch": "^5.1.2",
        "jmespath": "^0.16.0",
        "json-source-map": "^0.6.1",
        "jsonrepair": "^3.0.2",
        "lodash-es": "^4.17.21",
        "memoize-one": "^6.0.0",
        "natural-compare-lite": "^1.4.0",
        "sass": "^1.58.1",
        "svelte": "^3.55.1",
        "svelte-awesome": "^3.0.1",
        "svelte-select": "^5.2.1",
        "svelte-simple-modal": "^1.5.2",
        "vanilla-picker": "^2.12.1"
      }
    },
    "svelte-select": {
      "version": "5.3.1",
      "resolved": "https://mirrors.cloud.tencent.com/npm/svelte-select/-/svelte-select-5.3.1.tgz",
      "integrity": "sha512-TKlH22FEOr/KYNX4dzBJntNzeI0v0eZYU3VEo2uz/gar6xZdhQ3KT81hvD595GfSB7wiFdYc9SO42wrcgm9W4Q==",
      "requires": {
        "@floating-ui/dom": "^1.2.1",
        "svelte-floating-ui": "1.2.8"
      }
    },
    "svelte-simple-modal": {
      "version": "1.5.2",
      "resolved": "https://mirrors.cloud.tencent.com/npm/svelte-simple-modal/-/svelte-simple-modal-1.5.2.tgz",
      "integrity": "sha512-kQ+9/bonxMMJe6dGTCPXBkYQQ4zF8rqqPp+PvTWOJB8QtB+Z0S/h7ZJRDZOAnkXTUClwd+Qmb2HHTIXVkjlSvA==",
      "requires": {}
    },
    "to-regex-range": {
      "version": "5.0.1",
      "resolved": "https://mirrors.cloud.tencent.com/npm/to-regex-range/-/to-regex-range-5.0.1.tgz",
      "integrity": "sha512-65P7iz6X5yEr1cwcgvQxbbIw7Uk3gOy5dIdtZ4rDveLqhrdJP+Li/Hx6tyK0NEb+2GCyneCMJiGqrADCSNk8sQ==",
      "requires": {
        "is-number": "^7.0.0"
      }
    },
    "uri-js": {
      "version": "4.4.1",
      "resolved": "https://mirrors.cloud.tencent.com/npm/uri-js/-/uri-js-4.4.1.tgz",
      "integrity": "sha512-7rKUyy33Q1yc98pQ1DAmLtwX109F7TIfWlW1Ydo8Wl1ii1SeHieeh0HHfPeL2fMXK6z0s8ecKs9frCuLJvndBg==",
      "requires": {
        "punycode": "^2.1.0"
      }
    },
    "vanilla-picker": {
      "version": "2.12.1",
      "resolved": "https://mirrors.cloud.tencent.com/npm/vanilla-picker/-/vanilla-picker-2.12.1.tgz",
      "integrity": "sha512-2qrEP9VYylKXbyzXKsbu2dferBTvqnlsr29XjHwFE+/MEp0VNj6oEUESLDtKZ7DWzGdSv1x/+ujqFZF+KsO3cg==",
      "requires": {
        "@sphinxxxx/color-conversion": "^2.2.2"
      }
    },
    "w3c-keyname": {
      "version": "2.2.6",
      "resolved": "https://mirrors.cloud.tencent.com/npm/w3c-keyname/-/w3c-keyname-2.2.6.tgz",
      "integrity": "sha512-f+fciywl1SJEniZHD6H+kUO8gOnwIr7f4ijKA6+ZvJFjeGi1r4PDLl53Ayud9O/rk64RqgoQine0feoeOU0kXg=="
    }
  }
}
